<?xml version="1.0" encoding="utf-8"?>
<Project ToolsVersion="4.0" xmlns="http://schemas.microsoft.com/developer/msbuild/2003">
  <ItemGroup>
    <Filter Include="Source Files">
      <UniqueIdentifier>{4FC737F1-C7A5-4376-A066-2A32D752A2FF}</UniqueIdentifier>
      <Extensions>cpp;c;cxx;def;odl;idl;hpj;bat;asm;asmx</Extensions>
    </Filter>
    <Filter Include="Source Files\Windows">
      <UniqueIdentifier>{bb95846b-60f2-4b9f-a3ff-74ac6cc23b97}</UniqueIdentifier>
    </Filter>
    <Filter Include="Source Files\Classes">
      <UniqueIdentifier>{1d467249-7390-4f64-b973-c88994adcf2e}</UniqueIdentifier>
    </Filter>
    <Filter Include="Source Files\Classes\WinSock">
      <UniqueIdentifier>{cce7a64a-6058-4cb4-82df-4a30428c4da5}</UniqueIdentifier>
    </Filter>
    <Filter Include="Header Files">
      <UniqueIdentifier>{93995380-89BD-4b04-88EB-625FBE52EBFB}</UniqueIdentifier>
      <Extensions>h;hpp;hxx;hm;inl;inc;xsd</Extensions>
    </Filter>
    <Filter Include="Header Files\Windows">
      <UniqueIdentifier>{11fb25ab-3d05-4f51-8fb2-bab2a58f0bdf}</UniqueIdentifier>
    </Filter>
    <Filter Include="Header Files\Classes">
      <UniqueIdentifier>{543b839a-5a8b-4ee1-894e-e3a2613f001a}</UniqueIdentifier>
    </Filter>
    <Filter Include="Header Files\Classes\WinSock">
      <UniqueIdentifier>{2bc68825-0fc6-4379-ae0f-a6a97e0ac592}</UniqueIdentifier>
    </Filter>
    <Filter Include="Resource Files">
      <UniqueIdentifier>{67DA6AB6-F800-4c08-8B7A-83BB121AAD01}</UniqueIdentifier>
      <Extensions>rc;ico;cur;bmp;dlg;rc2;rct;bin;rgs;gif;jpg;jpeg;jpe;resx</Extensions>
    </Filter>
  </ItemGroup>
  <ItemGroup>
    <ClCompile Include=".\src\logging.cpp">
      <Filter>Source Files</Filter>
    </ClCompile>
    <ClCompile Include=".\src\registry.cpp">
      <Filter>Source Files</Filter>
    </ClCompile>
    <ClCompile Include=".\src\txtfuncs.cpp">
      <Filter>Source Files</Filter>
    </ClCompile>
    <ClCompile Include=".\src\wsock.cpp">
      <Filter>Source Files</Filter>
    </ClCompile>
    <ClCompile Include=".\src\xboxfuncs.cpp">
      <Filter>Source Files</Filter>
    </ClCompile>
    <ClCompile Include=".\src\about.cpp">
      <Filter>Source Files\Windows</Filter>
    </ClCompile>
    <ClCompile Include=".\src\bpwin.cpp">
      <Filter>Source Files\Windows</Filter>
    </ClCompile>
    <ClCompile Include=".\src\dumpwin.cpp">
      <Filter>Source Files\Windows</Filter>
    </ClCompile>
    <ClCompile Include=".\src\EvoXDTSR.cpp">
      <Filter>Source Files\Windows</Filter>
    </ClCompile>
    <ClCompile Include=".\src\logwin.cpp">
      <Filter>Source Files\Windows</Filter>
    </ClCompile>
    <ClCompile Include=".\src\newbpwin.cpp">
      <Filter>Source Files\Windows</Filter>
    </ClCompile>
    <ClCompile Include=".\src\queuewin.cpp">
      <Filter>Source Files\Windows</Filter>
    </ClCompile>
    <ClCompile Include=".\src\settings.cpp">
      <Filter>Source Files\Windows</Filter>
    </ClCompile>
    <ClCompile Include=".\src\bpclass.cpp">
      <Filter>Source Files\Classes</Filter>
    </ClCompile>
    <ClCompile Include=".\src\wsck_client.cpp">
      <Filter>Source Files\Classes\WinSock</Filter>
    </ClCompile>
    <ClCompile Include=".\src\wsck_generic.cpp">
      <Filter>Source Files\Classes\WinSock</Filter>
    </ClCompile>
  </ItemGroup>
  <ItemGroup>
    <ClInclude Include=".\src\defines.h">
      <Filter>Header Files</Filter>
    </ClInclude>
    <ClInclude Include=".\src\evoxcmds.h">
      <Filter>Header Files</Filter>
    </ClInclude>
    <ClInclude Include=".\src\listview.h">
      <Filter>Header Files</Filter>
    </ClInclude>
    <ClInclude Include=".\src\logging.h">
      <Filter>Header Files</Filter>
    </ClInclude>
    <ClInclude Include=".\src\registry.h">
      <Filter>Header Files</Filter>
    </ClInclude>
    <ClInclude Include=".\src\resource.h">
      <Filter>Header Files</Filter>
    </ClInclude>
    <ClInclude Include=".\src\txtfuncs.h">
      <Filter>Header Files</Filter>
    </ClInclude>
    <ClInclude Include=".\src\wsock.h">
      <Filter>Header Files</Filter>
    </ClInclude>
    <ClInclude Include=".\src\xboxfuncs.h">
      <Filter>Header Files</Filter>
    </ClInclude>
    <ClInclude Include=".\src\about.h">
      <Filter>Header Files\Windows</Filter>
    </ClInclude>
    <ClInclude Include=".\src\bpwin.h">
      <Filter>Header Files\Windows</Filter>
    </ClInclude>
    <ClInclude Include=".\src\dumpwin.h">
      <Filter>Header Files\Windows</Filter>
    </ClInclude>
    <ClInclude Include=".\src\EvoXDTSR.h">
      <Filter>Header Files\Windows</Filter>
    </ClInclude>
    <ClInclude Include=".\src\logwin.h">
      <Filter>Header Files\Windows</Filter>
    </ClInclude>
    <ClInclude Include=".\src\newbpwin.h">
      <Filter>Header Files\Windows</Filter>
    </ClInclude>
    <ClInclude Include=".\src\queuewin.h">
      <Filter>Header Files\Windows</Filter>
    </ClInclude>
    <ClInclude Include=".\src\settings.h">
      <Filter>Header Files\Windows</Filter>
    </ClInclude>
    <ClInclude Include=".\src\bpclass.h">
      <Filter>Header Files\Classes</Filter>
    </ClInclude>
    <ClInclude Include=".\src\wsck_client.h">
      <Filter>Header Files\Classes\WinSock</Filter>
    </ClInclude>
    <ClInclude Include=".\src\wsck_generic.h">
      <Filter>Header Files\Classes\WinSock</Filter>
    </ClInclude>
  </ItemGroup>
  <ItemGroup>
    <ResourceCompile Include=".\src\EvoXDTSR.rc">
      <Filter>Resource Files</Filter>
    </ResourceCompile>
  </ItemGroup>
  <ItemGroup>
    <Image Include="fullbplist.bmp">
      <Filter>Resource Files</Filter>
    </Image>
    <Image Include="..\xdk-assist\resources\icons\sdk.ico">
      <Filter>Resource Files</Filter>
    </Image>
    <Image Include="src\fullbplist.bmp">
      <Filter>Resource Files</Filter>
    </Image>
  </ItemGroup>
  <ItemGroup>
    <Text Include="TODO.txt" />
  </ItemGroup>
</Project>